// !$*UTF8*$!
{
	archiveVersion = 1;
	classes = {
	};
	objectVersion = 46;
	objects = {

/* Begin PBXBuildFile section */
		40E85F301ED49F0F0005EEF9 /* SettingViewController.swift in Sources */ = {isa = PBXBuildFile; fileRef = 40E85F2F1ED49F0F0005EEF9 /* SettingViewController.swift */; };
		74CF3D6F1ECE9725006AAAF8 /* AppDelegate.swift in Sources */ = {isa = PBXBuildFile; fileRef = 74CF3D6E1ECE9725006AAAF8 /* AppDelegate.swift */; };
		74CF3D711ECE9725006AAAF8 /* ViewController.swift in Sources */ = {isa = PBXBuildFile; fileRef = 74CF3D701ECE9725006AAAF8 /* ViewController.swift */; };
		74CF3D741ECE9725006AAAF8 /* Main.storyboard in Resources */ = {isa = PBXBuildFile; fileRef = 74CF3D721ECE9725006AAAF8 /* Main.storyboard */; };
		74CF3D771ECE9725006AAAF8 /* W07_Tip_Calculator_NIT.xcdatamodeld in Sources */ = {isa = PBXBuildFile; fileRef = 74CF3D751ECE9725006AAAF8 /* W07_Tip_Calculator_NIT.xcdatamodeld */; };
		74CF3D791ECE9725006AAAF8 /* Assets.xcassets in Resources */ = {isa = PBXBuildFile; fileRef = 74CF3D781ECE9725006AAAF8 /* Assets.xcassets */; };
		74CF3D7C1ECE9725006AAAF8 /* LaunchScreen.storyboard in Resources */ = {isa = PBXBuildFile; fileRef = 74CF3D7A1ECE9725006AAAF8 /* LaunchScreen.storyboard */; };
		74CF3D871ECE9725006AAAF8 /* W07_Tip_Calculator_NITTests.swift in Sources */ = {isa = PBXBuildFile; fileRef = 74CF3D861ECE9725006AAAF8 /* W07_Tip_Calculator_NITTests.swift */; };
		74CF3D921ECE9725006AAAF8 /* W07_Tip_Calculator_NITUITests.swift in Sources */ = {isa = PBXBuildFile; fileRef = 74CF3D911ECE9725006AAAF8 /* W07_Tip_Calculator_NITUITests.swift */; };
/* End PBXBuildFile section */

/* Begin PBXContainerItemProxy section */
		74CF3D831ECE9725006AAAF8 /* PBXContainerItemProxy */ = {
			isa = PBXContainerItemProxy;
			containerPortal = 74CF3D631ECE9724006AAAF8 /* Project object */;
			proxyType = 1;
			remoteGlobalIDString = 74CF3D6A1ECE9724006AAAF8;
			remoteInfo = W07_Tip_Calculator_NIT;
		};
		74CF3D8E1ECE9725006AAAF8 /* PBXContainerItemProxy */ = {
			isa = PBXContainerItemProxy;
			containerPortal = 74CF3D631ECE9724006AAAF8 /* Project object */;
			proxyType = 1;
			remoteGlobalIDString = 74CF3D6A1ECE9724006AAAF8;
			remoteInfo = W07_Tip_Calculator_NIT;
		};
/* End PBXContainerItemProxy section */

/* Begin PBXFileReference section */
		40E85F2F1ED49F0F0005EEF9 /* SettingViewController.swift */ = {isa = PBXFileReference; fileEncoding = 4; lastKnownFileType = sourcecode.swift; path = SettingViewController.swift; sourceTree = "<group>"; };
		74CF3D6B1ECE9724006AAAF8 /* W07_Tip_Calculator_NIT.app */ = {isa = PBXFileReference; explicitFileType = wrapper.application; includeInIndex = 0; path = W07_Tip_Calculator_NIT.app; sourceTree = BUILT_PRODUCTS_DIR; };
		74CF3D6E1ECE9725006AAAF8 /* AppDelegate.swift */ = {isa = PBXFileReference; lastKnownFileType = sourcecode.swift; path = AppDelegate.swift; sourceTree = "<group>"; };
		74CF3D701ECE9725006AAAF8 /* ViewController.swift */ = {isa = PBXFileReference; lastKnownFileType = sourcecode.swift; path = ViewController.swift; sourceTree = "<group>"; };
		74CF3D731ECE9725006AAAF8 /* Base */ = {isa = PBXFileReference; lastKnownFileType = file.storyboard; name = Base; path = Base.lproj/Main.storyboard; sourceTree = "<group>"; };
		74CF3D761ECE9725006AAAF8 /* W07_Tip_Calculator_NIT.xcdatamodel */ = {isa = PBXFileReference; lastKnownFileType = wrapper.xcdatamodel; path = W07_Tip_Calculator_NIT.xcdatamodel; sourceTree = "<group>"; };
		74CF3D781ECE9725006AAAF8 /* Assets.xcassets */ = {isa = PBXFileReference; lastKnownFileType = folder.assetcatalog; path = Assets.xcassets; sourceTree = "<group>"; };
		74CF3D7B1ECE9725006AAAF8 /* Base */ = {isa = PBXFileReference; lastKnownFileType = file.storyboard; name = Base; path = Base.lproj/LaunchScreen.storyboard; sourceTree = "<group>"; };
		74CF3D7D1ECE9725006AAAF8 /* Info.plist */ = {isa = PBXFileReference; lastKnownFileType = text.plist.xml; path = Info.plist; sourceTree = "<group>"; };
		74CF3D821ECE9725006AAAF8 /* W07_Tip_Calculator_NITTests.xctest */ = {isa = PBXFileReference; explicitFileType = wrapper.cfbundle; includeInIndex = 0; path = W07_Tip_Calculator_NITTests.xctest; sourceTree = BUILT_PRODUCTS_DIR; };
		74CF3D861ECE9725006AAAF8 /* W07_Tip_Calculator_NITTests.swift */ = {isa = PBXFileReference; lastKnownFileType = sourcecode.swift; path = W07_Tip_Calculator_NITTests.swift; sourceTree = "<group>"; };
		74CF3D881ECE9725006AAAF8 /* Info.plist */ = {isa = PBXFileReference; lastKnownFileType = text.plist.xml; path = Info.plist; sourceTree = "<group>"; };
		74CF3D8D1ECE9725006AAAF8 /* W07_Tip_Calculator_NITUITests.xctest */ = {isa = PBXFileReference; explicitFileType = wrapper.cfbundle; includeInIndex = 0; path = W07_Tip_Calculator_NITUITests.xctest; sourceTree = BUILT_PRODUCTS_DIR; };
		74CF3D911ECE9725006AAAF8 /* W07_Tip_Calculator_NITUITests.swift */ = {isa = PBXFileReference; lastKnownFileType = sourcecode.swift; path = W07_Tip_Calculator_NITUITests.swift; sourceTree = "<group>"; };
		74CF3D931ECE9725006AAAF8 /* Info.plist */ = {isa = PBXFileReference; lastKnownFileType = text.plist.xml; path = Info.plist; sourceTree = "<group>"; };
/* End PBXFileReference section */

/* Begin PBXFrameworksBuildPhase section */
		74CF3D681ECE9724006AAAF8 /* Frameworks */ = {
			isa = PBXFrameworksBuildPhase;
			buildActionMask = 2147483647;
			files = (
			);
			runOnlyForDeploymentPostprocessing = 0;
		};
		74CF3D7F1ECE9725006AAAF8 /* Frameworks */ = {
			isa = PBXFrameworksBuildPhase;
			buildActionMask = 2147483647;
			files = (
			);
			runOnlyForDeploymentPostprocessing = 0;
		};
		74CF3D8A1ECE9725006AAAF8 /* Frameworks */ = {
			isa = PBXFrameworksBuildPhase;
			buildActionMask = 2147483647;
			files = (
			);
			runOnlyForDeploymentPostprocessing = 0;
		};
/* End PBXFrameworksBuildPhase section */

/* Begin PBXGroup section */
		74CF3D621ECE9724006AAAF8 = {
			isa = PBXGroup;
			children = (
				74CF3D6D1ECE9724006AAAF8 /* W07_Tip_Calculator_NIT */,
				74CF3D851ECE9725006AAAF8 /* W07_Tip_Calculator_NITTests */,
				74CF3D901ECE9725006AAAF8 /* W07_Tip_Calculator_NITUITests */,
				74CF3D6C1ECE9724006AAAF8 /* Products */,
			);
			sourceTree = "<group>";
		};
		74CF3D6C1ECE9724006AAAF8 /* Products */ = {
			isa = PBXGroup;
			children = (
				74CF3D6B1ECE9724006AAAF8 /* W07_Tip_Calculator_NIT.app */,
				74CF3D821ECE9725006AAAF8 /* W07_Tip_Calculator_NITTests.xctest */,
				74CF3D8D1ECE9725006AAAF8 /* W07_Tip_Calculator_NITUITests.xctest */,
			);
			name = Products;
			sourceTree = "<group>";
		};
		74CF3D6D1ECE9724006AAAF8 /* W07_Tip_Calculator_NIT */ = {
			isa = PBXGroup;
			children = (
				74CF3D6E1ECE9725006AAAF8 /* AppDelegate.swift */,
				74CF3D701ECE9725006AAAF8 /* ViewController.swift */,
				74CF3D721ECE9725006AAAF8 /* Main.storyboard */,
				74CF3D781ECE9725006AAAF8 /* Assets.xcassets */,
				74CF3D7A1ECE9725006AAAF8 /* LaunchScreen.storyboard */,
				74CF3D7D1ECE9725006AAAF8 /* Info.plist */,
				74CF3D751ECE9725006AAAF8 /* W07_Tip_Calculator_NIT.xcdatamodeld */,
				40E85F2F1ED49F0F0005EEF9 /* SettingViewController.swift */,
			);
			path = W07_Tip_Calculator_NIT;
			sourceTree = "<group>";
		};
		74CF3D851ECE9725006AAAF8 /* W07_Tip_Calculator_NITTests */ = {
			isa = PBXGroup;
			children = (
				74CF3D861ECE9725006AAAF8 /* W07_Tip_Calculator_NITTests.swift */,
				74CF3D881ECE9725006AAAF8 /* Info.plist */,
			);
			path = W07_Tip_Calculator_NITTests;
			sourceTree = "<group>";
		};
		74CF3D901ECE9725006AAAF8 /* W07_Tip_Calculator_NITUITests */ = {
			isa = PBXGroup;
			children = (
				74CF3D911ECE9725006AAAF8 /* W07_Tip_Calculator_NITUITests.swift */,
				74CF3D931ECE9725006AAAF8 /* Info.plist */,
			);
			path = W07_Tip_Calculator_NITUITests;
			sourceTree = "<group>";
		};
/* End PBXGroup section */

/* Begin PBXNativeTarget section */
		74CF3D6A1ECE9724006AAAF8 /* W07_Tip_Calculator_NIT */ = {
			isa = PBXNativeTarget;
			buildConfigurationList = 74CF3D961ECE9725006AAAF8 /* Build configuration list for PBXNativeTarget "W07_Tip_Calculator_NIT" */;
			buildPhases = (
				74CF3D671ECE9724006AAAF8 /* Sources */,
				74CF3D681ECE9724006AAAF8 /* Frameworks */,
				74CF3D691ECE9724006AAAF8 /* Resources */,
			);
			buildRules = (
			);
			dependencies = (
			);
			name = W07_Tip_Calculator_NIT;
			productName = W07_Tip_Calculator_NIT;
			productReference = 74CF3D6B1ECE9724006AAAF8 /* W07_Tip_Calculator_NIT.app */;
			productType = "com.apple.product-type.application";
		};
		74CF3D811ECE9725006AAAF8 /* W07_Tip_Calculator_NITTests */ = {
			isa = PBXNativeTarget;
			buildConfigurationList = 74CF3D991ECE9725006AAAF8 /* Build configuration list for PBXNativeTarget "W07_Tip_Calculator_NITTests" */;
			buildPhases = (
				74CF3D7E1ECE9725006AAAF8 /* Sources */,
				74CF3D7F1ECE9725006AAAF8 /* Frameworks */,
				74CF3D801ECE9725006AAAF8 /* Resources */,
			);
			buildRules = (
			);
			dependencies = (
				74CF3D841ECE9725006AAAF8 /* PBXTargetDependency */,
			);
			name = W07_Tip_Calculator_NITTests;
			productName = W07_Tip_Calculator_NITTests;
			productReference = 74CF3D821ECE9725006AAAF8 /* W07_Tip_Calculator_NITTests.xctest */;
			productType = "com.apple.product-type.bundle.unit-test";
		};
		74CF3D8C1ECE9725006AAAF8 /* W07_Tip_Calculator_NITUITests */ = {
			isa = PBXNativeTarget;
			buildConfigurationList = 74CF3D9C1ECE9725006AAAF8 /* Build configuration list for PBXNativeTarget "W07_Tip_Calculator_NITUITests" */;
			buildPhases = (
				74CF3D891ECE9725006AAAF8 /* Sources */,
				74CF3D8A1ECE9725006AAAF8 /* Frameworks */,
				74CF3D8B1ECE9725006AAAF8 /* Resources */,
			);
			buildRules = (
			);
			dependencies = (
				74CF3D8F1ECE9725006AAAF8 /* PBXTargetDependency */,
			);
			name = W07_Tip_Calculator_NITUITests;
			productName = W07_Tip_Calculator_NITUITests;
			productReference = 74CF3D8D1ECE9725006AAAF8 /* W07_Tip_Calculator_NITUITests.xctest */;
			productType = "com.apple.product-type.bundle.ui-testing";
		};
/* End PBXNativeTarget section */

/* Begin PBXProject section */
		74CF3D631ECE9724006AAAF8 /* Project object */ = {
			isa = PBXProject;
			attributes = {
				LastSwiftUpdateCheck = 0830;
				LastUpgradeCheck = 0830;
				ORGANIZATIONNAME = Cntt16;
				TargetAttributes = {
					74CF3D6A1ECE9724006AAAF8 = {
						CreatedOnToolsVersion = 8.3;
						ProvisioningStyle = Automatic;
					};
					74CF3D811ECE9725006AAAF8 = {
						CreatedOnToolsVersion = 8.3;
						ProvisioningStyle = Automatic;
						TestTargetID = 74CF3D6A1ECE9724006AAAF8;
					};
					74CF3D8C1ECE9725006AAAF8 = {
						CreatedOnToolsVersion = 8.3;
						ProvisioningStyle = Automatic;
						TestTargetID = 74CF3D6A1ECE9724006AAAF8;
					};
				};
			};
			buildConfigurationList = 74CF3D661ECE9724006AAAF8 /* Build configuration list for PBXProject "W07_Tip_Calculator_NIT" */;
			compatibilityVersion = "Xcode 3.2";
			developmentRegion = English;
			hasScannedForEncodings = 0;
			knownRegions = (
				en,
				Base,
			);
			mainGroup = 74CF3D621ECE9724006AAAF8;
			productRefGroup = 74CF3D6C1ECE9724006AAAF8 /* Products */;
			projectDirPath = "";
			projectRoot = "";
			targets = (
				74CF3D6A1ECE9724006AAAF8 /* W07_Tip_Calculator_NIT */,
				74CF3D811ECE9725006AAAF8 /* W07_Tip_Calculator_NITTests */,
				74CF3D8C1ECE9725006AAAF8 /* W07_Tip_Calculator_NITUITests */,
			);
		};
/* End PBXProject section */

/* Begin PBXResourcesBuildPhase section */
		74CF3D691ECE9724006AAAF8 /* Resources */ = {
			isa = PBXResourcesBuildPhase;
			buildActionMask = 2147483647;
			files = (
				74CF3D7C1ECE9725006AAAF8 /* LaunchScreen.storyboard in Resources */,
				74CF3D791ECE9725006AAAF8 /* Assets.xcassets in Resources */,
				74CF3D741ECE9725006AAAF8 /* Main.storyboard in Resources */,
			);
			runOnlyForDeploymentPostprocessing = 0;
		};
		74CF3D801ECE9725006AAAF8 /* Resources */ = {
			isa = PBXResourcesBuildPhase;
			buildActionMask = 2147483647;
			files = (
			);
			runOnlyForDeploymentPostprocessing = 0;
		};
		74CF3D8B1ECE9725006AAAF8 /* Resources */ = {
			isa = PBXResourcesBuildPhase;
			buildActionMask = 2147483647;
			files = (
			);
			runOnlyForDeploymentPostprocessing = 0;
		};
/* End PBXResourcesBuildPhase section */

/* Begin PBXSourcesBuildPhase section */
		74CF3D671ECE9724006AAAF8 /* Sources */ = {
			isa = PBXSourcesBuildPhase;
			buildActionMask = 2147483647;
			files = (
				74CF3D771ECE9725006AAAF8 /* W07_Tip_Calculator_NIT.xcdatamodeld in Sources */,
				74CF3D711ECE9725006AAAF8 /* ViewController.swift in Sources */,
				74CF3D6F1ECE9725006AAAF8 /* AppDelegate.swift in Sources */,
				40E85F301ED49F0F0005EEF9 /* SettingViewController.swift in Sources */,
			);
			runOnlyForDeploymentPostprocessing = 0;
		};
		74CF3D7E1ECE9725006AAAF8 /* Sources */ = {
			isa = PBXSourcesBuildPhase;
			buildActionMask = 2147483647;
			files = (
				74CF3D871ECE9725006AAAF8 /* W07_Tip_Calculator_NITTests.swift in Sources */,
			);
			runOnlyForDeploymentPostprocessing = 0;
		};
		74CF3D891ECE9725006AAAF8 /* Sources */ = {
			isa = PBXSourcesBuildPhase;
			buildActionMask = 2147483647;
			files = (
				74CF3D921ECE9725006AAAF8 /* W07_Tip_Calculator_NITUITests.swift in Sources */,
			);
			runOnlyForDeploymentPostprocessing = 0;
		};
/* End PBXSourcesBuildPhase section */

/* Begin PBXTargetDependency section */
		74CF3D841ECE9725006AAAF8 /* PBXTargetDependency */ = {
			isa = PBXTargetDependency;
			target = 74CF3D6A1ECE9724006AAAF8 /* W07_Tip_Calculator_NIT */;
			targetProxy = 74CF3D831ECE9725006AAAF8 /* PBXContainerItemProxy */;
		};
		74CF3D8F1ECE9725006AAAF8 /* PBXTargetDependency */ = {
			isa = PBXTargetDependency;
			target = 74CF3D6A1ECE9724006AAAF8 /* W07_Tip_Calculator_NIT */;
			targetProxy = 74CF3D8E1ECE9725006AAAF8 /* PBXContainerItemProxy */;
		};
/* End PBXTargetDependency section */

/* Begin PBXVariantGroup section */
		74CF3D721ECE9725006AAAF8 /* Main.storyboard */ = {
			isa = PBXVariantGroup;
			children = (
				74CF3D731ECE9725006AAAF8 /* Base */,
			);
			name = Main.storyboard;
			sourceTree = "<group>";
		};
		74CF3D7A1ECE9725006AAAF8 /* LaunchScreen.storyboard */ = {
			isa = PBXVariantGroup;
			children = (
				74CF3D7B1ECE9725006AAAF8 /* Base */,
			);
			name = LaunchScreen.storyboard;
			sourceTree = "<group>";
		};
/* End PBXVariantGroup section */

/* Begin XCBuildConfiguration section */
		74CF3D941ECE9725006AAAF8 /* Debug */ = {
			isa = XCBuildConfiguration;
			buildSettings = {
				ALWAYS_SEARCH_USER_PATHS = NO;
				CLANG_ANALYZER_NONNULL = YES;
				CLANG_ANALYZER_NUMBER_OBJECT_CONVERSION = YES_AGGRESSIVE;
				CLANG_CXX_LANGUAGE_STANDARD = "gnu++0x";
				CLANG_CXX_LIBRARY = "libc++";
				CLANG_ENABLE_MODULES = YES;
				CLANG_ENABLE_OBJC_ARC = YES;
				CLANG_WARN_BOOL_CONVERSION = YES;
				CLANG_WARN_CONSTANT_CONVERSION = YES;
				CLANG_WARN_DIRECT_OBJC_ISA_USAGE = YES_ERROR;
				CLANG_WARN_DOCUMENTATION_COMMENTS = YES;
				CLANG_WARN_EMPTY_BODY = YES;
				CLANG_WARN_ENUM_CONVERSION = YES;
				CLANG_WARN_INFINITE_RECURSION = YES;
				CLANG_WARN_INT_CONVERSION = YES;
				CLANG_WARN_OBJC_ROOT_CLASS = YES_ERROR;
				CLANG_WARN_SUSPICIOUS_MOVE = YES;
				CLANG_WARN_UNREACHABLE_CODE = YES;
				CLANG_WARN__DUPLICATE_METHOD_MATCH = YES;
				"CODE_SIGN_IDENTITY[sdk=iphoneos*]" = "iPhone Developer";
				COPY_PHASE_STRIP = NO;
				DEBUG_INFORMATION_FORMAT = dwarf;
				ENABLE_STRICT_OBJC_MSGSEND = YES;
				ENABLE_TESTABILITY = YES;
				GCC_C_LANGUAGE_STANDARD = gnu99;
				GCC_DYNAMIC_NO_PIC = NO;
				GCC_NO_COMMON_BLOCKS = YES;
				GCC_OPTIMIZATION_LEVEL = 0;
				GCC_PREPROCESSOR_DEFINITIONS = (
					"DEBUG=1",
					"$(inherited)",
				);
				GCC_WARN_64_TO_32_BIT_CONVERSION = YES;
				GCC_WARN_ABOUT_RETURN_TYPE = YES_ERROR;
				GCC_WARN_UNDECLARED_SELECTOR = YES;
				GCC_WARN_UNINITIALIZED_AUTOS = YES_AGGRESSIVE;
				GCC_WARN_UNUSED_FUNCTION = YES;
				GCC_WARN_UNUSED_VARIABLE = YES;
				IPHONEOS_DEPLOYMENT_TARGET = 10.3;
				MTL_ENABLE_DEBUG_INFO = YES;
				ONLY_ACTIVE_ARCH = YES;
				SDKROOT = iphoneos;
				SWIFT_ACTIVE_COMPILATION_CONDITIONS = DEBUG;
				SWIFT_OPTIMIZATION_LEVEL = "-Onone";
				TARGETED_DEVICE_FAMILY = "1,2";
			};
			name = Debug;
		};
		74CF3D951ECE9725006AAAF8 /* Release */ = {
			isa = XCBuildConfiguration;
			buildSettings = {
				ALWAYS_SEARCH_USER_PATHS = NO;
				CLANG_ANALYZER_NONNULL = YES;
				CLANG_ANALYZER_NUMBER_OBJECT_CONVERSION = YES_AGGRESSIVE;
				CLANG_CXX_LANGUAGE_STANDARD = "gnu++0x";
				CLANG_CXX_LIBRARY = "libc++";
				CLANG_ENABLE_MODULES = YES;
				CLANG_ENABLE_OBJC_ARC = YES;
				CLANG_WARN_BOOL_CONVERSION = YES;
				CLANG_WARN_CONSTANT_CONVERSION = YES;
				CLANG_WARN_DIRECT_OBJC_ISA_USAGE = YES_ERROR;
				CLANG_WARN_DOCUMENTATION_COMMENTS = YES;
				CLANG_WARN_EMPTY_BODY = YES;
				CLANG_WARN_ENUM_CONVERSION = YES;
				CLANG_WARN_INFINITE_RECURSION = YES;
				CLANG_WARN_INT_CONVERSION = YES;
				CLANG_WARN_OBJC_ROOT_CLASS = YES_ERROR;
				CLANG_WARN_SUSPICIOUS_MOVE = YES;
				CLANG_WARN_UNREACHABLE_CODE = YES;
				CLANG_WARN__DUPLICATE_METHOD_MATCH = YES;
				"CODE_SIGN_IDENTITY[sdk=iphoneos*]" = "iPhone Developer";
				COPY_PHASE_STRIP = NO;
				DEBUG_INFORMATION_FORMAT = "dwarf-with-dsym";
				ENABLE_NS_ASSERTIONS = NO;
				ENABLE_STRICT_OBJC_MSGSEND = YES;
				GCC_C_LANGUAGE_STANDARD = gnu99;
				GCC_NO_COMMON_BLOCKS = YES;
				GCC_WARN_64_TO_32_BIT_CONVERSION = YES;
				GCC_WARN_ABOUT_RETURN_TYPE = YES_ERROR;
				GCC_WARN_UNDECLARED_SELECTOR = YES;
				GCC_WARN_UNINITIALIZED_AUTOS = YES_AGGRESSIVE;
				GCC_WARN_UNUSED_FUNCTION = YES;
				GCC_WARN_UNUSED_VARIABLE = YES;
				IPHONEOS_DEPLOYMENT_TARGET = 10.3;
				MTL_ENABLE_DEBUG_INFO = NO;
				SDKROOT = iphoneos;
				SWIFT_OPTIMIZATION_LEVEL = "-Owholemodule";
				TARGETED_DEVICE_FAMILY = "1,2";
				VALIDATE_PRODUCT = YES;
			};
			name = Release;
		};
		74CF3D971ECE9725006AAAF8 /* Debug */ = {
			isa = XCBuildConfiguration;
			buildSettings = {
				ASSETCATALOG_COMPILER_APPICON_NAME = AppIcon;
				INFOPLIST_FILE = W07_Tip_Calculator_NIT/Info.plist;
				LD_RUNPATH_SEARCH_PATHS = "$(inherited) @executable_path/Frameworks";
				PRODUCT_BUNDLE_IDENTIFIER = "fit.hcmute.W07-Tip-Calculator-NIT";
				PRODUCT_NAME = "$(TARGET_NAME)";
				SWIFT_VERSION = 3.0;
			};
			name = Debug;
		};
		74CF3D981ECE9725006AAAF8 /* Release */ = {
			isa = XCBuildConfiguration;
			buildSettings = {
				ASSETCATALOG_COMPILER_APPICON_NAME = AppIcon;
				INFOPLIST_FILE = W07_Tip_Calculator_NIT/Info.plist;
				LD_RUNPATH_SEARCH_PATHS = "$(inherited) @executable_path/Frameworks";
				PRODUCT_BUNDLE_IDENTIFIER = "fit.hcmute.W07-Tip-Calculator-NIT";
				PRODUCT_NAME = "$(TARGET_NAME)";
				SWIFT_VERSION = 3.0;
			};
			name = Release;
		};
		74CF3D9A1ECE9725006AAAF8 /* Debug */ = {
			isa = XCBuildConfiguration;
			buildSettings = {
				ALWAYS_EMBED_SWIFT_STANDARD_LIBRARIES = YES;
				BUNDLE_LOADER = "$(TEST_HOST)";
				INFOPLIST_FILE = W07_Tip_Calculator_NITTests/Info.plist;
				LD_RUNPATH_SEARCH_PATHS = "$(inherited) @executable_path/Frameworks @loader_path/Frameworks";
				PRODUCT_BUNDLE_IDENTIFIER = "fit.hcmute.W07-Tip-Calculator-NITTests";
				PRODUCT_NAME = "$(TARGET_NAME)";
				SWIFT_VERSION = 3.0;
				TEST_HOST = "$(BUILT_PRODUCTS_DIR)/W07_Tip_Calculator_NIT.app/W07_Tip_Calculator_NIT";
			};
			name = Debug;
		};
		74CF3D9B1ECE9725006AAAF8 /* Release */ = {
			isa = XCBuildConfiguration;
			buildSettings = {
				ALWAYS_EMBED_SWIFT_STANDARD_LIBRARIES = YES;
				BUNDLE_LOADER = "$(TEST_HOST)";
				INFOPLIST_FILE = W07_Tip_Calculator_NITTests/Info.plist;
				LD_RUNPATH_SEARCH_PATHS = "$(inherited) @executable_path/Frameworks @loader_path/Frameworks";
				PRODUCT_BUNDLE_IDENTIFIER = "fit.hcmute.W07-Tip-Calculator-NITTests";
				PRODUCT_NAME = "$(TARGET_NAME)";
				SWIFT_VERSION = 3.0;
				TEST_HOST = "$(BUILT_PRODUCTS_DIR)/W07_Tip_Calculator_NIT.app/W07_Tip_Calculator_NIT";
			};
			name = Release;
		};
		74CF3D9D1ECE9725006AAAF8 /* Debug */ = {
			isa = XCBuildConfiguration;
			buildSettings = {
				ALWAYS_EMBED_SWIFT_STANDARD_LIBRARIES = YES;
				INFOPLIST_FILE = W07_Tip_Calculator_NITUITests/Info.plist;
				LD_RUNPATH_SEARCH_PATHS = "$(inherited) @executable_path/Frameworks @loader_path/Frameworks";
				PRODUCT_BUNDLE_IDENTIFIER = "fit.hcmute.W07-Tip-Calculator-NITUITests";
				PRODUCT_NAME = "$(TARGET_NAME)";
				SWIFT_VERSION = 3.0;
				TEST_TARGET_NAME = W07_Tip_Calculator_NIT;
			};
			name = Debug;
		};
		74CF3D9E1ECE9725006AAAF8 /* Release */ = {
			isa = XCBuildConfiguration;
			buildSettings = {
				ALWAYS_EMBED_SWIFT_STANDARD_LIBRARIES = YES;
				INFOPLIST_FILE = W07_Tip_Calculator_NITUITests/Info.plist;
				LD_RUNPATH_SEARCH_PATHS = "$(inherited) @executable_path/Frameworks @loader_path/Frameworks";
				PRODUCT_BUNDLE_IDENTIFIER = "fit.hcmute.W07-Tip-Calculator-NITUITests";
				PRODUCT_NAME = "$(TARGET_NAME)";
				SWIFT_VERSION = 3.0;
				TEST_TARGET_NAME = W07_Tip_Calculator_NIT;
			};
			name = Release;
		};
/* End XCBuildConfiguration section */

/* Begin XCConfigurationList section */
		74CF3D661ECE9724006AAAF8 /* Build configuration list for PBXProject "W07_Tip_Calculator_NIT" */ = {
			isa = XCConfigurationList;
			buildConfigurations = (
				74CF3D941ECE9725006AAAF8 /* Debug */,
				74CF3D951ECE9725006AAAF8 /* Release */,
			);
			defaultConfigurationIsVisible = 0;
			defaultConfigurationName = Release;
		};
		74CF3D961ECE9725006AAAF8 /* Build configuration list for PBXNativeTarget "W07_Tip_Calculator_NIT" */ = {
			isa = XCConfigurationList;
			buildConfigurations = (
				74CF3D971ECE9725006AAAF8 /* Debug */,
				74CF3D981ECE9725006AAAF8 /* Release */,
			);
			defaultConfigurationIsVisible = 0;
			defaultConfigurationName = Release;
		};
		74CF3D991ECE9725006AAAF8 /* Build configuration list for PBXNativeTarget "W07_Tip_Calculator_NITTests" */ = {
			isa = XCConfigurationList;
			buildConfigurations = (
				74CF3D9A1ECE9725006AAAF8 /* Debug */,
				74CF3D9B1ECE9725006AAAF8 /* Release */,
			);
			defaultConfigurationIsVisible = 0;
			defaultConfigurationName = Release;
		};
		74CF3D9C1ECE9725006AAAF8 /* Build configuration list for PBXNativeTarget "W07_Tip_Calculator_NITUITests" */ = {
			isa = XCConfigurationList;
			buildConfigurations = (
				74CF3D9D1ECE9725006AAAF8 /* Debug */,
				74CF3D9E1ECE9725006AAAF8 /* Release */,
			);
			defaultConfigurationIsVisible = 0;
			defaultConfigurationName = Release;
		};
/* End XCConfigurationList section */

/* Begin XCVersionGroup section */
		74CF3D751ECE9725006AAAF8 /* W07_Tip_Calculator_NIT.xcdatamodeld */ = {
			isa = XCVersionGroup;
			children = (
				74CF3D761ECE9725006AAAF8 /* W07_Tip_Calculator_NIT.xcdatamodel */,
			);
			currentVersion = 74CF3D761ECE9725006AAAF8 /* W07_Tip_Calculator_NIT.xcdatamodel */;
			path = W07_Tip_Calculator_NIT.xcdatamodeld;
			sourceTree = "<group>";
			versionGroupType = wrapper.xcdatamodel;
		};
/* End XCVersionGroup section */
	};
	rootObject = 74CF3D631ECE9724006AAAF8 /* Project object */;
}
